{
    "_meta": {
        "hash": {
            "sha256": "0ddeee0308a923e66dfc9ecba41c2fe6e33d206570eb95f76996ad69809b430d"
        },
        "pipfile-spec": 6,
        "requires": {
            "python_version": "3.7"
        },
        "sources": [
            {
                "name": "pypi",
                "url": "https://pypi.org/simple",
                "verify_ssl": true
            }
        ]
    },
    "default": {
        "pocketsphinx": {
            "hashes": [
                "sha256:1c2a8cc7f2032f9e8214f5e4e864511fe37bfd27f2045fbf8aed9c54569dc881",
                "sha256:1f3eaca1b49d579e89e909bb101ad033493a1c9dddd8c72afd6b755c70365d56",
                "sha256:34d290745c7dbe6fa2cac9815b5c19d10f393e528ecd70e779c21ebc448f9b63",
                "sha256:3f438f9f5729a7629c122784697884cff5f2a2e022aef270a4081985d15eae88",
                "sha256:41d2107b74597cf8444f9e36b91363d60097b4fa88a9c750760a85209deef439",
                "sha256:667152b4139ba46de172fa627404fe284b2ecd5d6bfcfe905b068801324ba7fb",
                "sha256:71e7cf04433615e21ad3c28a2cc2daa43e96e570f2611f142eb3468f4f7789a6",
                "sha256:72286c3ecaa6641d426ca80bd4d1b3241c26b1703af419429ef779719e007443",
                "sha256:855c6761d008cdb4fc2d9aded5c1a0f163ce901f8b64075d36a88ae7814af755",
                "sha256:8ca14694d7cc111796e63c13c61420553a43a29c63c386c975bfc213d8da3e55",
                "sha256:9b477fcf8829f53ab470fdcf3fa77db00d71eee321353d10b306f0e5b95e8591",
                "sha256:bfbbeddb20196abbb04b8f7b5dc03628c7df0dc87e760326d76d37b27fb9d6f9",
                "sha256:d20b497369bd108dd135b3d4eed1d3edd2c8b51b1b696e67600adbfff2fe3316",
                "sha256:e2a4f22cddec68e75e796068ae82095dd8dba1187aa3a8abe305bdc6c565e8b4",
                "sha256:f0fdfe162bc99590e8666251a55d6311ac4cb137482a871f93d38b1834251253"
            ],
            "index": "pypi",
            "version": "==0.1.15"
        },
        "speechrecognition": {
            "hashes": [
                "sha256:4d8f73a0c05ec70331c3bacaa89ecc06dfa8d9aba0899276664cda06ab597e8e"
            ],
            "index": "pypi",
            "version": "==3.8.1"
        }
    },
    "develop": {
        "fancycompleter": {
            "hashes": [
                "sha256:d2522f1f3512371f295379c4c0d1962de06762eb586c199620a2a5d423539b12"
            ],
            "version": "==0.8"
        },
        "pdbpp": {
            "hashes": [
                "sha256:565a4ee4b54bd73310058ce439e245230c587774813e394c902a214c3e693d24"
            ],
            "index": "pypi",
            "version": "==0.9.14"
        },
        "pygments": {
            "hashes": [
                "sha256:5ffada19f6203563680669ee7f53b64dabbeb100eb51b61996085e99c03b284a",
                "sha256:e8218dd399a61674745138520d0d4cf2621d7e032439341bc3f647bff125818d"
            ],
            "version": "==2.3.1"
        },
        "wmctrl": {
            "hashes": [
                "sha256:d806f65ac1554366b6e31d29d7be2e8893996c0acbb2824bbf2b1f49cf628a13"
            ],
            "version": "==0.3"
        }
    }
}
